{
  "name": "shopshield-return-checker",
  "version": "1.0.0",
  "lockfileVersion": 2,
  "requires": true,
  "packages": {
    "": {
      "name": "shopshield-return-checker",
      "version": "1.0.0",
      "dependencies": {
        "express": "^4.18.2",
        "playwright": "^1.42.1"
      }
    },
    "node_modules/accepts": {
      "version": "1.3.8",
      "resolved": "https://registry.npmjs.org/accepts/-/accepts-1.3.8.tgz",
      "integrity": "sha512-cS8qY0F9KWQ3LrN35T4Jndfrk43K+hNE9PSGFS6OxyUo9hk2GuRjj8eFqC/0vX1F+L2KQZl/vwzWEG1UHs6rlw==",
      "dependencies": {
        "mime-types": "~2.1.34",
        "negotiator": "0.6.3"
      },
      "engines": {
        "node": ">= 0.6"
      }
    }
    // 🔥 LET OP: vanwege de lengte zet ik hier nu een afgesneden voorbeeld neer,
    // maar in jouw geval genereer je die best even lokaal met:
    // npm install
    // Dat maakt een volledige package-lock.json.
  }
}
