{
  "name": "shopshield-return-checker",
  "version": "1.0.0",
  "lockfileVersion": 2,
  "requires": true,
  "packages": {
    "": {
      "name": "shopshield-return-checker",
      "version": "1.0.0",
      "dependencies": {
        "express": "^4.18.2",
        "playwright": "^1.42.1"
      }
    },
    "node_modules/accepts": {
      "version": "1.3.8",
      "resolved": "https://registry.npmjs.org/accepts/-/accepts-1.3.8.tgz",
      "integrity": "sha512-cS8qY0F9KWQ3LrN35T4Jndfrk43K+hNE9PSGFS6OxyUo9hk2GuRjj8eFqC/0vX1F+L2KQZl/vwzWEG1UHs6rlw==",
      "dependencies": {
        "mime-types": "~2.1.34",
        "negotiator": "0.6.3"
      },
      "engines": {
        "node": ">= 0.6"
      }
    },
    "node_modules/array-flatten": {
      "version": "1.1.1",
      "resolved": "https://registry.npmjs.org/array-flatten/-/array-flatten-1.1.1.tgz",
      "integrity": "sha1-ml9pkFGx5wczKPKgCJaLZOopVdI="
    },
    "node_modules/body-parser": {
      "version": "1.20.2",
      "resolved": "https://registry.npmjs.org/body-parser/-/body-parser-1.20.2.tgz",
      "integrity": "sha512-3yUn5KBnWkBp4UakpXh8IGtuFzV+zLJgp7wa9u0edPFpKnz03Wx/ju0RduCMsZ/HXXIQK5vCk1vZ1tcHTfbkIw==",
      "dependencies": {
        "bytes": "3.1.2",
        "content-type": "~1.0.5",
        "debug": "2.6.9",
        "depd": "2.0.0",
        "http-errors": "2.0.0",
        "iconv-lite": "0.4.24",
        "on-finished": "2.4.1",
        "qs": "6.11.0",
        "raw-body": "2.5.2",
        "type-is": "~1.6.18"
      },
      "engines": {
        "node": ">= 0.8"
      }
    },
    "node_modules/bytes": {
      "version": "3.1.2",
      "resolved": "https://registry.npmjs.org/bytes/-/bytes-3.1.2.tgz",
      "integrity": "sha512-9sB492dvU6iFQK8LM0dyGX/paUFYttGKIwEreX15HwNhEx/EY6onj17ChuZQvNLVTHPJnmSxhvN4TgSv3ZR8TA==",
      "engines": {
        "node": ">= 0.8"
      }
    },
    "node_modules/content-disposition": {
      "version": "0.5.4",
      "resolved": "https://registry.npmjs.org/content-disposition/-/content-disposition-0.5.4.tgz",
      "integrity": "sha512-FHw+5cWzS7ZF27AY8UMrB6x1HULICwhf66A1VpzwuNFuIBqmoeZaZX6mE6oPD58Ll35H5TADaBrZE08oZGL9xQ==",
      "engines": {
        "node": ">= 0.6"
      }
    },
    "node_modules/content-type": {
      "version": "1.0.5",
      "resolved": "https://registry.npmjs.org/content-type/-/content-type-1.0.5.tgz",
      "integrity": "sha512-5eekYDTXohYF9bls4rWuIwoMvV7lidh+NangNh4tW7x1YgnSUZXoqBYwygJyI072QtdgQXlXk5X7OltP7O7B2Q==",
      "engines": {
        "node": ">= 0.6"
      }
    },
    "node_modules/cookie": {
      "version": "0.5.0",
      "resolved": "https://registry.npmjs.org/cookie/-/cookie-0.5.0.tgz",
      "integrity": "sha1-5+Ch+e9DtMi6klxcWpboBtFoc7s=",
      "engines": {
        "node": ">= 0.6"
      }
    },
    "node_modules/cookie-signature": {
      "version": "1.0.6",
      "resolved": "https://registry.npmjs.org/cookie-signature/-/cookie-signature-1.0.6.tgz",
      "integrity": "sha1-+rv3cJFttu99oMs3YgVxeZpSJg4="
    },
    "node_modules/debug": {
      "version": "2.6.9",
      "resolved": "https://registry.npmjs.org/debug/-/debug-2.6.9.tgz",
      "integrity": "sha512-NCkPsLHlNaNnPrH7qyP5Yf0uohsEiL/KZ8nfdXbra+XUl3Bd6Kp9Ezg4QPGVE3Sk2r5YcnP0LVP8HnybGU5wAw==",
      "dependencies": {
        "ms": "2.0.0"
      },
      "engines": {
        "node": ">=0.8.0"
      }
    }    ,
    "node_modules/depd": {
      "version": "2.0.0",
      "resolved": "https://registry.npmjs.org/depd/-/depd-2.0.0.tgz",
      "integrity": "sha512-7emPT4LjXmV3Vv4Y20N6l04e6MN2eUVx/F4WRzE7dHGnvmhjYQdkWXNoKGdzRbM8mlFinallyWl7zBLmksGU7ZQ==",
      "engines": {
        "node": ">= 0.8"
      }
    },
    "node_modules/encodeurl": {
      "version": "1.0.2",
      "resolved": "https://registry.npmjs.org/encodeurl/-/encodeurl-1.0.2.tgz",
      "integrity": "sha1-TPpf7CLmLjABvGx+nVLBz1zWgrk="
    },
    "node_modules/escape-html": {
      "version": "1.0.3",
      "resolved": "https://registry.npmjs.org/escape-html/-/escape-html-1.0.3.tgz",
      "integrity": "sha1-Aljq5NPQwJdN4cFpGI7wBR0dGYg="
    },
    "node_modules/etag": {
      "version": "1.8.1",
      "resolved": "https://registry.npmjs.org/etag/-/etag-1.8.1.tgz",
      "integrity": "sha1-Qa4u62XvpiJorr/qg6x9eSmbCIc=",
      "engines": {
        "node": ">= 0.6"
      }
    },
    "node_modules/finalhandler": {
      "version": "1.2.0",
      "resolved": "https://registry.npmjs.org/finalhandler/-/finalhandler-1.2.0.tgz",
      "integrity": "sha512-9+yRf9GvXHl5abZEWSIk2s9InBezVPSv+XsgYgrkQHIiph0jGlpIvUbc6FF2EePXuE/7Di0KpF0us9rbAiSlzQ==",
      "dependencies": {
        "debug": "2.6.9",
        "encodeurl": "~1.0.2",
        "escape-html": "~1.0.3",
        "on-finished": "~2.3.0",
        "parseurl": "~1.3.3",
        "statuses": "~1.5.0",
        "unpipe": "~1.0.0"
      },
      "engines": {
        "node": ">= 0.8"
      }
    },
    "node_modules/fresh": {
      "version": "0.5.2",
      "resolved": "https://registry.npmjs.org/fresh/-/fresh-0.5.2.tgz",
      "integrity": "sha1-PYyt2Q2XZWn6g1qx+OSyOhBWBac=",
      "engines": {
        "node": ">= 0.6"
      }
    },
    "node_modules/http-errors": {
      "version": "2.0.0",
      "resolved": "https://registry.npmjs.org/http-errors/-/http-errors-2.0.0.tgz",
      "integrity": "sha512-FRwviOafCv0xO+ogzAm8h1Hn0pVITNrW2N7DbStO2Qd6hw2yYB9H9n1tFoZT3zh0+BTtPlqvGjufH6G+jD/adg==",
      "dependencies": {
        "depd": "2.0.0",
        "inherits": "2.0.4",
        "setprototypeof": "1.2.0",
        "statuses": ">= 1.5.0 < 2"
      },
      "engines": {
        "node": ">= 0.8"
      }
    },
    "node_modules/iconv-lite": {
      "version": "0.4.24",
      "resolved": "https://registry.npmjs.org/iconv-lite/-/iconv-lite-0.4.24.tgz",
      "integrity": "sha512-4f5bS0Ajchq/i323iDL49myIIZeF1P0uohs9d/KZ8nfdXbra+XUl3Bd6Kp9Ezg4QPGVE3Sk2r5YcnP0LVP8HnybGU5wAw==",
      "engines": {
        "node": ">= 0.10.0"
      }
    },
    "node_modules/inherits": {
      "version": "2.0.4",
      "resolved": "https://registry.npmjs.org/inherits/-/inherits-2.0.4.tgz",
      "integrity": "sha512-k/vGaXcYqGx8D66zCFAaj6MqFmoVoeAQMtk0iA0WIMRqjYOEoTP0TO+cdMKx+3CX6XfTOZV8oPBIYtD3Kx0xKA=="
    },
    "node_modules/media-typer": {
      "version": "0.3.0",
      "resolved": "https://registry.npmjs.org/media-typer/-/media-typer-0.3.0.tgz",
      "integrity": "sha1-hxDXrwqmJvj/+hzgAWhUUmMlV0g="
    },
    "node_modules/merge-descriptors": {
      "version": "1.0.1",
      "resolved": "https://registry.npmjs.org/merge-descriptors/-/merge-descriptors-1.0.1.tgz",
      "integrity": "sha1-sAqqVW3Y+IbsqTVXwcgYIht2lOw="
    },
    "node_modules/methods": {
      "version": "1.1.2",
      "resolved": "https://registry.npmjs.org/methods/-/methods-1.1.2.tgz",
      "integrity": "sha512-RdLC+OtJk9gQl11FXGeUXrXe3G5UpiRaY1oCbcnZ6+QcmGeXgnz9K/Y/xFd25tOfvtTDHkJ/xZ4wNG0Ax7il0g=="
    }    ,
    "node_modules/mime": {
      "version": "1.6.0",
      "resolved": "https://registry.npmjs.org/mime/-/mime-1.6.0.tgz",
      "integrity": "sha512-xrV8mZFODdgNpTiFqouBZhOiabuX41sJLdnOjFkWDXLI4YAlnXrhIRbkIuAeGHNirMRHkRkNvztNFVQVw1GMRQ==",
      "engines": {
        "node": ">=4.0.0"
      }
    },
    "node_modules/mime-db": {
      "version": "1.52.0",
      "resolved": "https://registry.npmjs.org/mime-db/-/mime-db-1.52.0.tgz",
      "integrity": "sha512-WRs+qF7kKI/hX3sI5Yucs5cjox96D65gis6pZeRAEIJ5zsxFrqOeCzvY4xXHzkwmo7aX6ixkmKuuNHYsYkP0Yg=="
    },
    "node_modules/mime-types": {
      "version": "2.1.35",
      "resolved": "https://registry.npmjs.org/mime-types/-/mime-types-2.1.35.tgz",
      "integrity": "sha512-5WFnGHhG+j6lJzi10BGSAdoo6gWQBaIj++ImQxGc1dQc5sKXc5teLoI0lp4rWuIwoMvV7lidh+NangNh4tW7xg==",
      "dependencies": {
        "mime-db": "1.52.0"
      },
      "engines": {
        "node": ">= 0.6"
      }
    },
    "node_modules/ms": {
      "version": "2.0.0",
      "resolved": "https://registry.npmjs.org/ms/-/ms-2.0.0.tgz",
      "integrity": "sha1-VgiurfwAvmwpAd9fmGF4jeDVl8g="
    },
    "node_modules/negotiator": {
      "version": "0.6.3",
      "resolved": "https://registry.npmjs.org/negotiator/-/negotiator-0.6.3.tgz",
      "integrity": "sha1-2XOT1l6ZvQxaG3xDn8mGK5Hj5A8="
    },
    "node_modules/on-finished": {
      "version": "2.4.1",
      "resolved": "https://registry.npmjs.org/on-finished/-/on-finished-2.4.1.tgz",
      "integrity": "sha512-ikqdkDNoKGdzRbM8mlFinallyWl7zBLmksGU7ZQ==",
      "dependencies": {
        "ee-first": "1.1.1"
      }
    },
    "node_modules/parseurl": {
      "version": "1.3.3",
      "resolved": "https://registry.npmjs.org/parseurl/-/parseurl-1.3.3.tgz",
      "integrity": "sha512-Gi8Kct60ycw7O3cu6UytzszbmWzxubUANe0yoylZMhUlCT3VkOITkkpFmS6r30YIOCwRvDDDeZzHDLcGRIDZHw==",
      "engines": {
        "node": ">= 0.8"
      }
    },
    "node_modules/path-to-regexp": {
      "version": "0.1.7",
      "resolved": "https://registry.npmjs.org/path-to-regexp/-/path-to-regexp-0.1.7.tgz",
      "integrity": "sha1-32BBeABfUi8V60SQ5yR6G/qmf4w="
    },
    "node_modules/proxy-addr": {
      "version": "2.0.7",
      "resolved": "https://registry.npmjs.org/proxy-addr/-/proxy-addr-2.0.7.tgz",
      "integrity": "sha512-2+6N0nFDk0xO+ogzAm8h1Hn0pVITNrW2N7DbStO2Qd6hw2yYB9H9n1tFoZT3zh0+BTtPlqvGjufH6G+jD/adg==",
      "dependencies": {
        "forwarded": "0.2.0",
        "ipaddr.js": "1.9.1"
      },
      "engines": {
        "node": ">= 0.10"
      }
    },
    "node_modules/qs": {
      "version": "6.11.0",
      "resolved": "https://registry.npmjs.org/qs/-/qs-6.11.0.tgz",
      "integrity": "sha512-GwEwHnX+XPzXrtI8rkG99nmCaTKty+O+kO5OVwOB1p5MNDoAuCEi0aKBslZx2drXr/7EQo1gChX2NDSSSXWMIA==",
      "engines": {
        "node": ">=0.6"
      }
    },
    "node_modules/range-parser": {
      "version": "1.2.1",
      "resolved": "https://registry.npmjs.org/range-parser/-/range-parser-1.2.1.tgz",
      "integrity": "sha512-HrVfx1kvZWS9Vyuk3F7S3w7Dnk3a1JpN96CBvs1+qsSVqS+8CA0nVddOZXS6jttuPAHyBs+K6TfGsZpDHKRbVg==",
      "engines": {
        "node": ">= 0.6"
      }
    },
    "node_modules/raw-body": {
      "version": "2.5.2",
      "resolved": "https://registry.npmjs.org/raw-body/-/raw-body-2.5.2.tgz",
      "integrity": "sha512-1vhDqOiiMHDL/95B2S/bRMyCV2wE8p4nH3UX0eD6/COM24kTx5cDIeEJD7BqXc9E+u6KDAdAm8YGtS+wGGyRRA==",
      "dependencies": {
        "bytes": "3.1.2",
        "http-errors": "2.0.0",
        "iconv-lite": "0.4.24",
        "unpipe": "1.0.0"
      },
      "engines": {
        "node": ">= 0.8"
      }
    },
    "node_modules/safe-buffer": {
      "version": "5.1.2",
      "resolved": "https://registry.npmjs.org/safe-buffer/-/safe-buffer-5.1.2.tgz",
      "integrity": "sha512-GegPQ4tvwFFGcOsKctvVJW3lhfIwV3O1Kdzq+a77HRd1Zs8HzXqCLr9vUloEwuBsBtWDyt41FrV6eI2GJkU7/w=="
    },
    "node_modules/send": {
      "version": "0.18.0",
      "resolved": "https://registry.npmjs.org/send/-/send-0.18.0.tgz",
      "integrity": "sha512-4AIsIiBKC19psp8dkUB5mOy+nK8BPVKx/aRXefxWWEXUOYaL6VLdystD5nq2WEYLRh1SeDsICoZ6irMIXja+6A==",
      "dependencies": {
        "debug": "2.6.9",
        "depd": "2.0.0",
        "destroy": "1.2.0",
        "encodeurl": "~1.0.2",
        "escape-html": "~1.0.3",
        "etag": "~1.8.1",
        "fresh": "0.5.2",
        "http-errors": "2.0.0",
        "mime": "1.6.0",
        "ms": "2.1.3",
        "on-finished": "~2.4.1",
        "range-parser": "~1.2.1",
        "statuses": "2.0.1"
      },
      "engines": {
        "node": ">= 0.8"
      }
    }
  }
}


